github.com/anuraaga/go-modsecurity v0.0.0-20220824035035-b9a4099778df h1:YWiVl53v0R8Knj/k+4slO0SXPL67Y4dXWiOIWNzrkew=
github.com/anuraaga/go-modsecurity v0.0.0-20220824035035-b9a4099778df/go.mod h1:7jguE759ADzy2EkxGRXigiC0ER1Yq2IFk2qNtwgzc7U=
github.com/corazawaf/coraza/v3 v3.0.0-20220914105525-52c6662efb62 h1:4d8MkEMN+I0kjk3ApZJ1lQOCCzIllV9wHkhs0vWz+hw=
github.com/corazawaf/coraza/v3 v3.0.0-20220914105525-52c6662efb62/go.mod h1:LzAb8eojCKx3vCcs/pdIXMb/eGcVtZs6ySWq0qwfekQ=
github.com/corazawaf/libinjection-go v0.0.0-20220909190158-227e7e772cef h1:q9ty0pTOklSWgTasNL1N820pNVcn933BFz5w79DPbbo=
github.com/corazawaf/libinjection-go v0.0.0-20220909190158-227e7e772cef/go.mod h1:OP4TM7xdJ2skyXqNX1AN1wN5nNZEmJNuWbNPOItn7aw=
github.com/foxcpp/go-mockdns v1.0.0 h1:7jBqxd3WDWwi/6WhDvacvH1XsN3rOLXyHM1uhvIx6FI=
github.com/magefile/mage v1.13.0 h1:XtLJl8bcCM7EFoO8FyH8XK3t7G5hQAeK+i4tq+veT9M=
github.com/magefile/mage v1.13.0/go.mod h1:z5UZb/iS3GoOSn0JgWuiw7dxlurVYTu+/jHXqQg881A=
github.com/miekg/dns v1.1.50 h1:DQUfb9uc6smULcREF09Uc+/Gd46YWqJd5DbpPE9xkcA=
github.com/petar-dambovaliev/aho-corasick v0.0.0-20211021192214-5ab2d9280aa9 h1:lL+y4Xv20pVlCGyLzNHRC0I0rIHhIL1lTvHizoS/dU8=
github.com/petar-dambovaliev/aho-corasick v0.0.0-20211021192214-5ab2d9280aa9/go.mod h1:EHPiTAKtiFmrMldLUNswFwfZ2eJIYBHktdaUTZxYWRw=
github.com/tidwall/gjson v1.14.3 h1:9jvXn7olKEHU1S9vwoMGliaT8jq1vJ7IH/n9zD9Dnlw=
github.com/tidwall/gjson v1.14.3/go.mod h1:/wbyibRr2FHMks5tjHJ5F8dMZh3AcwJEMf5vlfC0lxk=
github.com/tidwall/match v1.1.1 h1:+Ho715JplO36QYgwN9PGYNhgZvoUSc9X2c80KVTi+GA=
github.com/tidwall/match v1.1.1/go.mod h1:eRSPERbgtNPcGhD8UCthc6PmLEQXEWd3PRB5JTxsfmM=
github.com/tidwall/pretty v1.2.0 h1:RWIZEg2iJ8/g6fDDYzMpobmaoGh5OLl4AXtGUGPcqCs=
github.com/tidwall/pretty v1.2.0/go.mod h1:ITEVvHYasfjBbM0u2Pg8T2nJnzm8xPwvNhhsoaGGjNU=
golang.org/x/mod v0.6.0-dev.0.20220419223038-86c51ed26bb4 h1:6zppjxzCulZykYSLyVDYbneBfbaBIQPYMevg0bEwv2s=
golang.org/x/net v0.0.0-20220809184613-07c6da5e1ced h1:3dYNDff0VT5xj+mbj2XucFst9WKk6PdGOrb9n+SbIvw=
golang.org/x/net v0.0.0-20220809184613-07c6da5e1ced/go.mod h1:YDH+HFinaLZZlnHAfSS6ZXJJ9M9t4Dl22yv3iI2vPwk=
golang.org/x/sys v0.0.0-20220808155132-1c4a2a72c664 h1:v1W7bwXHsnLLloWYTVEdvGvA7BHMeBYsPcF0GLDxIRs=
golang.org/x/tools v0.1.12 h1:VveCTK38A2rkS8ZqFY25HIDFscX5X9OoEhJd3quQmXU=
